// !$*UTF8*$!
{
	archiveVersion = 1;
	classes = {
	};
	objectVersion = 46;
	objects = {

/* Begin PBXBuildFile section */
		FAF54DF41B20622400F38B9E /* main.m in Sources */ = {isa = PBXBuildFile; fileRef = FAF54DF31B20622400F38B9E /* main.m */; };
		FAF54DF71B20622400F38B9E /* AppDelegate.m in Sources */ = {isa = PBXBuildFile; fileRef = FAF54DF61B20622400F38B9E /* AppDelegate.m */; };
		FAF54DFA1B20622400F38B9E /* HumanStorage.xcdatamodeld in Sources */ = {isa = PBXBuildFile; fileRef = FAF54DF81B20622400F38B9E /* HumanStorage.xcdatamodeld */; };
		FAF54DFC1B20622400F38B9E /* Images.xcassets in Resources */ = {isa = PBXBuildFile; fileRef = FAF54DFB1B20622400F38B9E /* Images.xcassets */; };
		FAF54DFF1B20622400F38B9E /* LaunchScreen.xib in Resources */ = {isa = PBXBuildFile; fileRef = FAF54DFD1B20622400F38B9E /* LaunchScreen.xib */; };
		FAF54E0B1B20622400F38B9E /* HumanStorageTests.m in Sources */ = {isa = PBXBuildFile; fileRef = FAF54E0A1B20622400F38B9E /* HumanStorageTests.m */; };
		FAF54E161B2062F900F38B9E /* PersonEntity.m in Sources */ = {isa = PBXBuildFile; fileRef = FAF54E151B2062F900F38B9E /* PersonEntity.m */; };
		FAF54E1A1B2063CC00F38B9E /* HumanStorageViewController.m in Sources */ = {isa = PBXBuildFile; fileRef = FAF54E181B2063CC00F38B9E /* HumanStorageViewController.m */; };
		FAF54E1B1B2063CC00F38B9E /* HumanStorageViewController.xib in Resources */ = {isa = PBXBuildFile; fileRef = FAF54E191B2063CC00F38B9E /* HumanStorageViewController.xib */; };
/* End PBXBuildFile section */

/* Begin PBXContainerItemProxy section */
		FAF54E051B20622400F38B9E /* PBXContainerItemProxy */ = {
			isa = PBXContainerItemProxy;
			containerPortal = FAF54DE61B20622300F38B9E /* Project object */;
			proxyType = 1;
			remoteGlobalIDString = FAF54DED1B20622300F38B9E;
			remoteInfo = HumanStorage;
		};
/* End PBXContainerItemProxy section */

/* Begin PBXFileReference section */
		FAF54DEE1B20622300F38B9E /* HumanStorage.app */ = {isa = PBXFileReference; explicitFileType = wrapper.application; includeInIndex = 0; path = HumanStorage.app; sourceTree = BUILT_PRODUCTS_DIR; };
		FAF54DF21B20622400F38B9E /* Info.plist */ = {isa = PBXFileReference; lastKnownFileType = text.plist.xml; path = Info.plist; sourceTree = "<group>"; };
		FAF54DF31B20622400F38B9E /* main.m */ = {isa = PBXFileReference; lastKnownFileType = sourcecode.c.objc; path = main.m; sourceTree = "<group>"; };
		FAF54DF51B20622400F38B9E /* AppDelegate.h */ = {isa = PBXFileReference; lastKnownFileType = sourcecode.c.h; path = AppDelegate.h; sourceTree = "<group>"; };
		FAF54DF61B20622400F38B9E /* AppDelegate.m */ = {isa = PBXFileReference; lastKnownFileType = sourcecode.c.objc; path = AppDelegate.m; sourceTree = "<group>"; };
		FAF54DF91B20622400F38B9E /* HumanStorage.xcdatamodel */ = {isa = PBXFileReference; lastKnownFileType = wrapper.xcdatamodel; path = HumanStorage.xcdatamodel; sourceTree = "<group>"; };
		FAF54DFB1B20622400F38B9E /* Images.xcassets */ = {isa = PBXFileReference; lastKnownFileType = folder.assetcatalog; path = Images.xcassets; sourceTree = "<group>"; };
		FAF54DFE1B20622400F38B9E /* Base */ = {isa = PBXFileReference; lastKnownFileType = file.xib; name = Base; path = Base.lproj/LaunchScreen.xib; sourceTree = "<group>"; };
		FAF54E041B20622400F38B9E /* HumanStorageTests.xctest */ = {isa = PBXFileReference; explicitFileType = wrapper.cfbundle; includeInIndex = 0; path = HumanStorageTests.xctest; sourceTree = BUILT_PRODUCTS_DIR; };
		FAF54E091B20622400F38B9E /* Info.plist */ = {isa = PBXFileReference; lastKnownFileType = text.plist.xml; path = Info.plist; sourceTree = "<group>"; };
		FAF54E0A1B20622400F38B9E /* HumanStorageTests.m */ = {isa = PBXFileReference; lastKnownFileType = sourcecode.c.objc; path = HumanStorageTests.m; sourceTree = "<group>"; };
		FAF54E141B2062F900F38B9E /* PersonEntity.h */ = {isa = PBXFileReference; fileEncoding = 4; lastKnownFileType = sourcecode.c.h; name = PersonEntity.h; path = ../PersonEntity.h; sourceTree = "<group>"; };
		FAF54E151B2062F900F38B9E /* PersonEntity.m */ = {isa = PBXFileReference; fileEncoding = 4; lastKnownFileType = sourcecode.c.objc; name = PersonEntity.m; path = ../PersonEntity.m; sourceTree = "<group>"; };
		FAF54E171B2063CC00F38B9E /* HumanStorageViewController.h */ = {isa = PBXFileReference; fileEncoding = 4; lastKnownFileType = sourcecode.c.h; path = HumanStorageViewController.h; sourceTree = "<group>"; };
		FAF54E181B2063CC00F38B9E /* HumanStorageViewController.m */ = {isa = PBXFileReference; fileEncoding = 4; lastKnownFileType = sourcecode.c.objc; path = HumanStorageViewController.m; sourceTree = "<group>"; };
		FAF54E191B2063CC00F38B9E /* HumanStorageViewController.xib */ = {isa = PBXFileReference; fileEncoding = 4; lastKnownFileType = file.xib; path = HumanStorageViewController.xib; sourceTree = "<group>"; };
/* End PBXFileReference section */

/* Begin PBXFrameworksBuildPhase section */
		FAF54DEB1B20622300F38B9E /* Frameworks */ = {
			isa = PBXFrameworksBuildPhase;
			buildActionMask = 2147483647;
			files = (
			);
			runOnlyForDeploymentPostprocessing = 0;
		};
		FAF54E011B20622400F38B9E /* Frameworks */ = {
			isa = PBXFrameworksBuildPhase;
			buildActionMask = 2147483647;
			files = (
			);
			runOnlyForDeploymentPostprocessing = 0;
		};
/* End PBXFrameworksBuildPhase section */

/* Begin PBXGroup section */
		FAF54DE51B20622300F38B9E = {
			isa = PBXGroup;
			children = (
				FAF54DF01B20622300F38B9E /* HumanStorage */,
				FAF54E071B20622400F38B9E /* HumanStorageTests */,
				FAF54DEF1B20622300F38B9E /* Products */,
			);
			sourceTree = "<group>";
		};
		FAF54DEF1B20622300F38B9E /* Products */ = {
			isa = PBXGroup;
			children = (
				FAF54DEE1B20622300F38B9E /* HumanStorage.app */,
				FAF54E041B20622400F38B9E /* HumanStorageTests.xctest */,
			);
			name = Products;
			sourceTree = "<group>";
		};
		FAF54DF01B20622300F38B9E /* HumanStorage */ = {
			isa = PBXGroup;
			children = (
				FAF54E141B2062F900F38B9E /* PersonEntity.h */,
				FAF54E151B2062F900F38B9E /* PersonEntity.m */,
				FAF54DF51B20622400F38B9E /* AppDelegate.h */,
				FAF54DF61B20622400F38B9E /* AppDelegate.m */,
				FAF54E171B2063CC00F38B9E /* HumanStorageViewController.h */,
				FAF54E181B2063CC00F38B9E /* HumanStorageViewController.m */,
				FAF54E191B2063CC00F38B9E /* HumanStorageViewController.xib */,
				FAF54DFB1B20622400F38B9E /* Images.xcassets */,
				FAF54DFD1B20622400F38B9E /* LaunchScreen.xib */,
				FAF54DF81B20622400F38B9E /* HumanStorage.xcdatamodeld */,
				FAF54DF11B20622400F38B9E /* Supporting Files */,
			);
			path = HumanStorage;
			sourceTree = "<group>";
		};
		FAF54DF11B20622400F38B9E /* Supporting Files */ = {
			isa = PBXGroup;
			children = (
				FAF54DF21B20622400F38B9E /* Info.plist */,
				FAF54DF31B20622400F38B9E /* main.m */,
			);
			name = "Supporting Files";
			sourceTree = "<group>";
		};
		FAF54E071B20622400F38B9E /* HumanStorageTests */ = {
			isa = PBXGroup;
			children = (
				FAF54E0A1B20622400F38B9E /* HumanStorageTests.m */,
				FAF54E081B20622400F38B9E /* Supporting Files */,
			);
			path = HumanStorageTests;
			sourceTree = "<group>";
		};
		FAF54E081B20622400F38B9E /* Supporting Files */ = {
			isa = PBXGroup;
			children = (
				FAF54E091B20622400F38B9E /* Info.plist */,
			);
			name = "Supporting Files";
			sourceTree = "<group>";
		};
/* End PBXGroup section */

/* Begin PBXNativeTarget section */
		FAF54DED1B20622300F38B9E /* HumanStorage */ = {
			isa = PBXNativeTarget;
			buildConfigurationList = FAF54E0E1B20622400F38B9E /* Build configuration list for PBXNativeTarget "HumanStorage" */;
			buildPhases = (
				FAF54DEA1B20622300F38B9E /* Sources */,
				FAF54DEB1B20622300F38B9E /* Frameworks */,
				FAF54DEC1B20622300F38B9E /* Resources */,
			);
			buildRules = (
			);
			dependencies = (
			);
			name = HumanStorage;
			productName = HumanStorage;
			productReference = FAF54DEE1B20622300F38B9E /* HumanStorage.app */;
			productType = "com.apple.product-type.application";
		};
		FAF54E031B20622400F38B9E /* HumanStorageTests */ = {
			isa = PBXNativeTarget;
			buildConfigurationList = FAF54E111B20622400F38B9E /* Build configuration list for PBXNativeTarget "HumanStorageTests" */;
			buildPhases = (
				FAF54E001B20622400F38B9E /* Sources */,
				FAF54E011B20622400F38B9E /* Frameworks */,
				FAF54E021B20622400F38B9E /* Resources */,
			);
			buildRules = (
			);
			dependencies = (
				FAF54E061B20622400F38B9E /* PBXTargetDependency */,
			);
			name = HumanStorageTests;
			productName = HumanStorageTests;
			productReference = FAF54E041B20622400F38B9E /* HumanStorageTests.xctest */;
			productType = "com.apple.product-type.bundle.unit-test";
		};
/* End PBXNativeTarget section */

/* Begin PBXProject section */
		FAF54DE61B20622300F38B9E /* Project object */ = {
			isa = PBXProject;
			attributes = {
				LastUpgradeCheck = 0610;
				ORGANIZATIONNAME = "Marvin Labrador";
				TargetAttributes = {
					FAF54DED1B20622300F38B9E = {
						CreatedOnToolsVersion = 6.1;
					};
					FAF54E031B20622400F38B9E = {
						CreatedOnToolsVersion = 6.1;
						TestTargetID = FAF54DED1B20622300F38B9E;
					};
				};
			};
			buildConfigurationList = FAF54DE91B20622300F38B9E /* Build configuration list for PBXProject "HumanStorage" */;
			compatibilityVersion = "Xcode 3.2";
			developmentRegion = English;
			hasScannedForEncodings = 0;
			knownRegions = (
				en,
				Base,
			);
			mainGroup = FAF54DE51B20622300F38B9E;
			productRefGroup = FAF54DEF1B20622300F38B9E /* Products */;
			projectDirPath = "";
			projectRoot = "";
			targets = (
				FAF54DED1B20622300F38B9E /* HumanStorage */,
				FAF54E031B20622400F38B9E /* HumanStorageTests */,
			);
		};
/* End PBXProject section */

/* Begin PBXResourcesBuildPhase section */
		FAF54DEC1B20622300F38B9E /* Resources */ = {
			isa = PBXResourcesBuildPhase;
			buildActionMask = 2147483647;
			files = (
				FAF54DFF1B20622400F38B9E /* LaunchScreen.xib in Resources */,
				FAF54E1B1B2063CC00F38B9E /* HumanStorageViewController.xib in Resources */,
				FAF54DFC1B20622400F38B9E /* Images.xcassets in Resources */,
			);
			runOnlyForDeploymentPostprocessing = 0;
		};
		FAF54E021B20622400F38B9E /* Resources */ = {
			isa = PBXResourcesBuildPhase;
			buildActionMask = 2147483647;
			files = (
			);
			runOnlyForDeploymentPostprocessing = 0;
		};
/* End PBXResourcesBuildPhase section */

/* Begin PBXSourcesBuildPhase section */
		FAF54DEA1B20622300F38B9E /* Sources */ = {
			isa = PBXSourcesBuildPhase;
			buildActionMask = 2147483647;
			files = (
				FAF54DF71B20622400F38B9E /* AppDelegate.m in Sources */,
				FAF54E161B2062F900F38B9E /* PersonEntity.m in Sources */,
				FAF54DF41B20622400F38B9E /* main.m in Sources */,
				FAF54E1A1B2063CC00F38B9E /* HumanStorageViewController.m in Sources */,
				FAF54DFA1B20622400F38B9E /* HumanStorage.xcdatamodeld in Sources */,
			);
			runOnlyForDeploymentPostprocessing = 0;
		};
		FAF54E001B20622400F38B9E /* Sources */ = {
			isa = PBXSourcesBuildPhase;
			buildActionMask = 2147483647;
			files = (
				FAF54E0B1B20622400F38B9E /* HumanStorageTests.m in Sources */,
			);
			runOnlyForDeploymentPostprocessing = 0;
		};
/* End PBXSourcesBuildPhase section */

/* Begin PBXTargetDependency section */
		FAF54E061B20622400F38B9E /* PBXTargetDependency */ = {
			isa = PBXTargetDependency;
			target = FAF54DED1B20622300F38B9E /* HumanStorage */;
			targetProxy = FAF54E051B20622400F38B9E /* PBXContainerItemProxy */;
		};
/* End PBXTargetDependency section */

/* Begin PBXVariantGroup section */
		FAF54DFD1B20622400F38B9E /* LaunchScreen.xib */ = {
			isa = PBXVariantGroup;
			children = (
				FAF54DFE1B20622400F38B9E /* Base */,
			);
			name = LaunchScreen.xib;
			sourceTree = "<group>";
		};
/* End PBXVariantGroup section */

/* Begin XCBuildConfiguration section */
		FAF54E0C1B20622400F38B9E /* Debug */ = {
			isa = XCBuildConfiguration;
			buildSettings = {
				ALWAYS_SEARCH_USER_PATHS = NO;
				CLANG_CXX_LANGUAGE_STANDARD = "gnu++0x";
				CLANG_CXX_LIBRARY = "libc++";
				CLANG_ENABLE_MODULES = YES;
				CLANG_ENABLE_OBJC_ARC = NO;
				CLANG_WARN_BOOL_CONVERSION = YES;
				CLANG_WARN_CONSTANT_CONVERSION = YES;
				CLANG_WARN_DIRECT_OBJC_ISA_USAGE = YES_ERROR;
				CLANG_WARN_EMPTY_BODY = YES;
				CLANG_WARN_ENUM_CONVERSION = YES;
				CLANG_WARN_INT_CONVERSION = YES;
				CLANG_WARN_OBJC_ROOT_CLASS = YES_ERROR;
				CLANG_WARN_UNREACHABLE_CODE = YES;
				CLANG_WARN__DUPLICATE_METHOD_MATCH = YES;
				"CODE_SIGN_IDENTITY[sdk=iphoneos*]" = "iPhone Developer";
				COPY_PHASE_STRIP = NO;
				ENABLE_STRICT_OBJC_MSGSEND = YES;
				GCC_C_LANGUAGE_STANDARD = gnu99;
				GCC_DYNAMIC_NO_PIC = NO;
				GCC_OPTIMIZATION_LEVEL = 0;
				GCC_PREPROCESSOR_DEFINITIONS = (
					"DEBUG=1",
					"$(inherited)",
				);
				GCC_SYMBOLS_PRIVATE_EXTERN = NO;
				GCC_WARN_64_TO_32_BIT_CONVERSION = YES;
				GCC_WARN_ABOUT_RETURN_TYPE = YES_ERROR;
				GCC_WARN_UNDECLARED_SELECTOR = YES;
				GCC_WARN_UNINITIALIZED_AUTOS = YES_AGGRESSIVE;
				GCC_WARN_UNUSED_FUNCTION = YES;
				GCC_WARN_UNUSED_VARIABLE = YES;
				IPHONEOS_DEPLOYMENT_TARGET = 8.1;
				MTL_ENABLE_DEBUG_INFO = YES;
				ONLY_ACTIVE_ARCH = YES;
				SDKROOT = iphoneos;
			};
			name = Debug;
		};
		FAF54E0D1B20622400F38B9E /* Release */ = {
			isa = XCBuildConfiguration;
			buildSettings = {
				ALWAYS_SEARCH_USER_PATHS = NO;
				CLANG_CXX_LANGUAGE_STANDARD = "gnu++0x";
				CLANG_CXX_LIBRARY = "libc++";
				CLANG_ENABLE_MODULES = YES;
				CLANG_ENABLE_OBJC_ARC = NO;
				CLANG_WARN_BOOL_CONVERSION = YES;
				CLANG_WARN_CONSTANT_CONVERSION = YES;
				CLANG_WARN_DIRECT_OBJC_ISA_USAGE = YES_ERROR;
				CLANG_WARN_EMPTY_BODY = YES;
				CLANG_WARN_ENUM_CONVERSION = YES;
				CLANG_WARN_INT_CONVERSION = YES;
				CLANG_WARN_OBJC_ROOT_CLASS = YES_ERROR;
				CLANG_WARN_UNREACHABLE_CODE = YES;
				CLANG_WARN__DUPLICATE_METHOD_MATCH = YES;
				"CODE_SIGN_IDENTITY[sdk=iphoneos*]" = "iPhone Developer";
				COPY_PHASE_STRIP = YES;
				ENABLE_NS_ASSERTIONS = NO;
				ENABLE_STRICT_OBJC_MSGSEND = YES;
				GCC_C_LANGUAGE_STANDARD = gnu99;
				GCC_WARN_64_TO_32_BIT_CONVERSION = YES;
				GCC_WARN_ABOUT_RETURN_TYPE = YES_ERROR;
				GCC_WARN_UNDECLARED_SELECTOR = YES;
				GCC_WARN_UNINITIALIZED_AUTOS = YES_AGGRESSIVE;
				GCC_WARN_UNUSED_FUNCTION = YES;
				GCC_WARN_UNUSED_VARIABLE = YES;
				IPHONEOS_DEPLOYMENT_TARGET = 8.1;
				MTL_ENABLE_DEBUG_INFO = NO;
				SDKROOT = iphoneos;
				VALIDATE_PRODUCT = YES;
			};
			name = Release;
		};
		FAF54E0F1B20622400F38B9E /* Debug */ = {
			isa = XCBuildConfiguration;
			buildSettings = {
				ASSETCATALOG_COMPILER_APPICON_NAME = AppIcon;
				INFOPLIST_FILE = HumanStorage/Info.plist;
				LD_RUNPATH_SEARCH_PATHS = "$(inherited) @executable_path/Frameworks";
				PRODUCT_NAME = "$(TARGET_NAME)";
			};
			name = Debug;
		};
		FAF54E101B20622400F38B9E /* Release */ = {
			isa = XCBuildConfiguration;
			buildSettings = {
				ASSETCATALOG_COMPILER_APPICON_NAME = AppIcon;
				INFOPLIST_FILE = HumanStorage/Info.plist;
				LD_RUNPATH_SEARCH_PATHS = "$(inherited) @executable_path/Frameworks";
				PRODUCT_NAME = "$(TARGET_NAME)";
			};
			name = Release;
		};
		FAF54E121B20622400F38B9E /* Debug */ = {
			isa = XCBuildConfiguration;
			buildSettings = {
				BUNDLE_LOADER = "$(TEST_HOST)";
				FRAMEWORK_SEARCH_PATHS = (
					"$(SDKROOT)/Developer/Library/Frameworks",
					"$(inherited)",
				);
				GCC_PREPROCESSOR_DEFINITIONS = (
					"DEBUG=1",
					"$(inherited)",
				);
				INFOPLIST_FILE = HumanStorageTests/Info.plist;
				LD_RUNPATH_SEARCH_PATHS = "$(inherited) @executable_path/Frameworks @loader_path/Frameworks";
				PRODUCT_NAME = "$(TARGET_NAME)";
				TEST_HOST = "$(BUILT_PRODUCTS_DIR)/HumanStorage.app/HumanStorage";
			};
			name = Debug;
		};
		FAF54E131B20622400F38B9E /* Release */ = {
			isa = XCBuildConfiguration;
			buildSettings = {
				BUNDLE_LOADER = "$(TEST_HOST)";
				FRAMEWORK_SEARCH_PATHS = (
					"$(SDKROOT)/Developer/Library/Frameworks",
					"$(inherited)",
				);
				INFOPLIST_FILE = HumanStorageTests/Info.plist;
				LD_RUNPATH_SEARCH_PATHS = "$(inherited) @executable_path/Frameworks @loader_path/Frameworks";
				PRODUCT_NAME = "$(TARGET_NAME)";
				TEST_HOST = "$(BUILT_PRODUCTS_DIR)/HumanStorage.app/HumanStorage";
			};
			name = Release;
		};
/* End XCBuildConfiguration section */

/* Begin XCConfigurationList section */
		FAF54DE91B20622300F38B9E /* Build configuration list for PBXProject "HumanStorage" */ = {
			isa = XCConfigurationList;
			buildConfigurations = (
				FAF54E0C1B20622400F38B9E /* Debug */,
				FAF54E0D1B20622400F38B9E /* Release */,
			);
			defaultConfigurationIsVisible = 0;
			defaultConfigurationName = Release;
		};
		FAF54E0E1B20622400F38B9E /* Build configuration list for PBXNativeTarget "HumanStorage" */ = {
			isa = XCConfigurationList;
			buildConfigurations = (
				FAF54E0F1B20622400F38B9E /* Debug */,
				FAF54E101B20622400F38B9E /* Release */,
			);
			defaultConfigurationIsVisible = 0;
		};
		FAF54E111B20622400F38B9E /* Build configuration list for PBXNativeTarget "HumanStorageTests" */ = {
			isa = XCConfigurationList;
			buildConfigurations = (
				FAF54E121B20622400F38B9E /* Debug */,
				FAF54E131B20622400F38B9E /* Release */,
			);
			defaultConfigurationIsVisible = 0;
		};
/* End XCConfigurationList section */

/* Begin XCVersionGroup section */
		FAF54DF81B20622400F38B9E /* HumanStorage.xcdatamodeld */ = {
			isa = XCVersionGroup;
			children = (
				FAF54DF91B20622400F38B9E /* HumanStorage.xcdatamodel */,
			);
			currentVersion = FAF54DF91B20622400F38B9E /* HumanStorage.xcdatamodel */;
			path = HumanStorage.xcdatamodeld;
			sourceTree = "<group>";
			versionGroupType = wrapper.xcdatamodel;
		};
/* End XCVersionGroup section */
	};
	rootObject = FAF54DE61B20622300F38B9E /* Project object */;
}
